
Microsoft Visual Studio Solution File, Format Version 12.00
# Visual Studio 15
VisualStudioVersion = 15.0.27130.2036
MinimumVisualStudioVersion = 10.0.40219.1
Project("{9A19103F-16F7-4668-BE54-9A1E7A4F7556}") = "Events.App", "Events.App\Events.App.csproj", "{2E71592D-1A0C-4D5D-8184-1B44279367ED}"
	ProjectSection(ProjectDependencies) = postProject
		{6D02A199-F1F7-48CF-83AB-9A061E6022CF} = {6D02A199-F1F7-48CF-83AB-9A061E6022CF}
	EndProjectSection
EndProject
Project("{9A19103F-16F7-4668-BE54-9A1E7A4F7556}") = "Events.DAL", "Events.DAL\Events.DAL.csproj", "{6D02A199-F1F7-48CF-83AB-9A061E6022CF}"
EndProject
Project("{FAE04EC0-301F-11D3-BF4B-00C04F79EFBC}") = "Events.BLL", "Events.BLL\Events.BLL.csproj", "{45B8C71E-F9BB-4D39-81C2-927E52148B70}"
EndProject
Global
	GlobalSection(SolutionConfigurationPlatforms) = preSolution
		Debug|Any CPU = Debug|Any CPU
		Release|Any CPU = Release|Any CPU
	EndGlobalSection
	GlobalSection(ProjectConfigurationPlatforms) = postSolution
		{2E71592D-1A0C-4D5D-8184-1B44279367ED}.Debug|Any CPU.ActiveCfg = Debug|Any CPU
		{2E71592D-1A0C-4D5D-8184-1B44279367ED}.Debug|Any CPU.Build.0 = Debug|Any CPU
		{2E71592D-1A0C-4D5D-8184-1B44279367ED}.Release|Any CPU.ActiveCfg = Release|Any CPU
		{2E71592D-1A0C-4D5D-8184-1B44279367ED}.Release|Any CPU.Build.0 = Release|Any CPU
		{6D02A199-F1F7-48CF-83AB-9A061E6022CF}.Debug|Any CPU.ActiveCfg = Debug|Any CPU
		{6D02A199-F1F7-48CF-83AB-9A061E6022CF}.Debug|Any CPU.Build.0 = Debug|Any CPU
		{6D02A199-F1F7-48CF-83AB-9A061E6022CF}.Release|Any CPU.ActiveCfg = Release|Any CPU
		{6D02A199-F1F7-48CF-83AB-9A061E6022CF}.Release|Any CPU.Build.0 = Release|Any CPU
		{45B8C71E-F9BB-4D39-81C2-927E52148B70}.Debug|Any CPU.ActiveCfg = Debug|Any CPU
		{45B8C71E-F9BB-4D39-81C2-927E52148B70}.Debug|Any CPU.Build.0 = Debug|Any CPU
		{45B8C71E-F9BB-4D39-81C2-927E52148B70}.Release|Any CPU.ActiveCfg = Release|Any CPU
		{45B8C71E-F9BB-4D39-81C2-927E52148B70}.Release|Any CPU.Build.0 = Release|Any CPU
	EndGlobalSection
	GlobalSection(SolutionProperties) = preSolution
		HideSolutionNode = FALSE
	EndGlobalSection
	GlobalSection(ExtensibilityGlobals) = postSolution
		SolutionGuid = {DC14A03B-8CC2-4623-B640-C8DDA38880C0}
	EndGlobalSection
EndGlobal
